
Microsoft Visual Studio Solution File, Format Version 12.00
# Visual Studio Version 17
VisualStudioVersion = 17.4.33213.308
MinimumVisualStudioVersion = 10.0.40219.1
Project("{FAE04EC0-301F-11D3-BF4B-00C04F79EFBC}") = "PDC03_MODULE03.Android", "PDC03_MODULE03\PDC03_MODULE03.Android\PDC03_MODULE03.Android.csproj", "{DCDE7CAE-3B9A-49B2-90F7-FAA717AA3564}"
EndProject
Project("{FAE04EC0-301F-11D3-BF4B-00C04F79EFBC}") = "PDC03_MODULE03", "PDC03_MODULE03\PDC03_MODULE03\PDC03_MODULE03.csproj", "{58555508-A0E5-489A-B2D0-C990F0FC651E}"
EndProject
Global
	GlobalSection(SolutionConfigurationPlatforms) = preSolution
		Debug|Any CPU = Debug|Any CPU
		Release|Any CPU = Release|Any CPU
	EndGlobalSection
	GlobalSection(ProjectConfigurationPlatforms) = postSolution
		{DCDE7CAE-3B9A-49B2-90F7-FAA717AA3564}.Debug|Any CPU.ActiveCfg = Debug|Any CPU
		{DCDE7CAE-3B9A-49B2-90F7-FAA717AA3564}.Debug|Any CPU.Build.0 = Debug|Any CPU
		{DCDE7CAE-3B9A-49B2-90F7-FAA717AA3564}.Debug|Any CPU.Deploy.0 = Debug|Any CPU
		{DCDE7CAE-3B9A-49B2-90F7-FAA717AA3564}.Release|Any CPU.ActiveCfg = Release|Any CPU
		{DCDE7CAE-3B9A-49B2-90F7-FAA717AA3564}.Release|Any CPU.Build.0 = Release|Any CPU
		{DCDE7CAE-3B9A-49B2-90F7-FAA717AA3564}.Release|Any CPU.Deploy.0 = Release|Any CPU
		{58555508-A0E5-489A-B2D0-C990F0FC651E}.Debug|Any CPU.ActiveCfg = Debug|Any CPU
		{58555508-A0E5-489A-B2D0-C990F0FC651E}.Debug|Any CPU.Build.0 = Debug|Any CPU
		{58555508-A0E5-489A-B2D0-C990F0FC651E}.Debug|Any CPU.Deploy.0 = Debug|Any CPU
		{58555508-A0E5-489A-B2D0-C990F0FC651E}.Release|Any CPU.ActiveCfg = Release|Any CPU
		{58555508-A0E5-489A-B2D0-C990F0FC651E}.Release|Any CPU.Build.0 = Release|Any CPU
		{58555508-A0E5-489A-B2D0-C990F0FC651E}.Release|Any CPU.Deploy.0 = Release|Any CPU
	EndGlobalSection
	GlobalSection(SolutionProperties) = preSolution
		HideSolutionNode = FALSE
	EndGlobalSection
	GlobalSection(ExtensibilityGlobals) = postSolution
		SolutionGuid = {A5EF1EF2-BEAE-4F59-982F-B0C2C2BB08ED}
	EndGlobalSection
EndGlobal
